
Microsoft Visual Studio Solution File, Format Version 12.00
# Visual Studio Version 17
VisualStudioVersion = 17.3.32929.385
MinimumVisualStudioVersion = 10.0.40219.1
Project("{FAE04EC0-301F-11D3-BF4B-00C04F79EFBC}") = "RevitAPITraining63m1", "RevitAPITraining63m1\RevitAPITraining63m1.csproj", "{61539608-8C0A-49B7-8218-C92EC68B281F}"
EndProject
Project("{FAE04EC0-301F-11D3-BF4B-00C04F79EFBC}") = "RevitAPITrainingLibrary", "..\..\..\..\..\Обучение БИМ\Ревит API\Материалы курса. Revit API\Тема 6\RevitAPITrainingLibrary\RevitAPITrainingLibrary.csproj", "{C7864CF2-8C0C-4EC9-8052-F12F1C4A016C}"
EndProject
Global
	GlobalSection(SolutionConfigurationPlatforms) = preSolution
		Debug|Any CPU = Debug|Any CPU
		Release|Any CPU = Release|Any CPU
	EndGlobalSection
	GlobalSection(ProjectConfigurationPlatforms) = postSolution
		{61539608-8C0A-49B7-8218-C92EC68B281F}.Debug|Any CPU.ActiveCfg = Debug|Any CPU
		{61539608-8C0A-49B7-8218-C92EC68B281F}.Debug|Any CPU.Build.0 = Debug|Any CPU
		{61539608-8C0A-49B7-8218-C92EC68B281F}.Release|Any CPU.ActiveCfg = Release|Any CPU
		{61539608-8C0A-49B7-8218-C92EC68B281F}.Release|Any CPU.Build.0 = Release|Any CPU
		{C7864CF2-8C0C-4EC9-8052-F12F1C4A016C}.Debug|Any CPU.ActiveCfg = Debug|Any CPU
		{C7864CF2-8C0C-4EC9-8052-F12F1C4A016C}.Debug|Any CPU.Build.0 = Debug|Any CPU
		{C7864CF2-8C0C-4EC9-8052-F12F1C4A016C}.Release|Any CPU.ActiveCfg = Release|Any CPU
		{C7864CF2-8C0C-4EC9-8052-F12F1C4A016C}.Release|Any CPU.Build.0 = Release|Any CPU
	EndGlobalSection
	GlobalSection(SolutionProperties) = preSolution
		HideSolutionNode = FALSE
	EndGlobalSection
	GlobalSection(ExtensibilityGlobals) = postSolution
		SolutionGuid = {116A4328-AE19-454B-B255-B94858743214}
	EndGlobalSection
EndGlobal
